
Microsoft Visual Studio Solution File, Format Version 12.00
Project("{FAE04EC0-301F-11D3-BF4B-00C04F79EFBC}") = "RingLinkedList", "RingLinkedList\RingLinkedList.csproj", "{27E1988D-C707-4301-8C1A-4E563438BC74}"
EndProject
Project("{FAE04EC0-301F-11D3-BF4B-00C04F79EFBC}") = "RingLinkedListTests", "RingLinkedListTests\RingLinkedListTests.csproj", "{B9F6D109-18ED-4EF9-82C4-5FA0169A78DD}"
EndProject
Global
	GlobalSection(SolutionConfigurationPlatforms) = preSolution
		Debug|Any CPU = Debug|Any CPU
		Release|Any CPU = Release|Any CPU
	EndGlobalSection
	GlobalSection(ProjectConfigurationPlatforms) = postSolution
		{27E1988D-C707-4301-8C1A-4E563438BC74}.Debug|Any CPU.ActiveCfg = Debug|Any CPU
		{27E1988D-C707-4301-8C1A-4E563438BC74}.Debug|Any CPU.Build.0 = Debug|Any CPU
		{27E1988D-C707-4301-8C1A-4E563438BC74}.Release|Any CPU.ActiveCfg = Release|Any CPU
		{27E1988D-C707-4301-8C1A-4E563438BC74}.Release|Any CPU.Build.0 = Release|Any CPU
		{B9F6D109-18ED-4EF9-82C4-5FA0169A78DD}.Debug|Any CPU.ActiveCfg = Debug|Any CPU
		{B9F6D109-18ED-4EF9-82C4-5FA0169A78DD}.Debug|Any CPU.Build.0 = Debug|Any CPU
		{B9F6D109-18ED-4EF9-82C4-5FA0169A78DD}.Release|Any CPU.ActiveCfg = Release|Any CPU
		{B9F6D109-18ED-4EF9-82C4-5FA0169A78DD}.Release|Any CPU.Build.0 = Release|Any CPU
	EndGlobalSection
EndGlobal
